// !$*UTF8*$!
{
	archiveVersion = 1;
	classes = {
	};
	objectVersion = 50;
	objects = {

/* Begin PBXBuildFile section */
		ADAA8C3E2104839000EC9A40 /* AppDelegate.swift in Sources */ = {isa = PBXBuildFile; fileRef = ADAA8C3D2104839000EC9A40 /* AppDelegate.swift */; };
		ADAA8C402104839000EC9A40 /* ViewController.swift in Sources */ = {isa = PBXBuildFile; fileRef = ADAA8C3F2104839000EC9A40 /* ViewController.swift */; };
		ADAA8C432104839000EC9A40 /* Main.storyboard in Resources */ = {isa = PBXBuildFile; fileRef = ADAA8C412104839000EC9A40 /* Main.storyboard */; };
		ADAA8C452104839100EC9A40 /* Assets.xcassets in Resources */ = {isa = PBXBuildFile; fileRef = ADAA8C442104839100EC9A40 /* Assets.xcassets */; };
		ADAA8C482104839100EC9A40 /* LaunchScreen.storyboard in Resources */ = {isa = PBXBuildFile; fileRef = ADAA8C462104839100EC9A40 /* LaunchScreen.storyboard */; };
		ADAA8C532104839100EC9A40 /* swiftlecture04Tests.swift in Sources */ = {isa = PBXBuildFile; fileRef = ADAA8C522104839100EC9A40 /* swiftlecture04Tests.swift */; };
		ADAA8C5E2104839100EC9A40 /* swiftlecture04UITests.swift in Sources */ = {isa = PBXBuildFile; fileRef = ADAA8C5D2104839100EC9A40 /* swiftlecture04UITests.swift */; };
/* End PBXBuildFile section */

/* Begin PBXContainerItemProxy section */
		ADAA8C4F2104839100EC9A40 /* PBXContainerItemProxy */ = {
			isa = PBXContainerItemProxy;
			containerPortal = ADAA8C322104839000EC9A40 /* Project object */;
			proxyType = 1;
			remoteGlobalIDString = ADAA8C392104839000EC9A40;
			remoteInfo = swiftlecture04;
		};
		ADAA8C5A2104839100EC9A40 /* PBXContainerItemProxy */ = {
			isa = PBXContainerItemProxy;
			containerPortal = ADAA8C322104839000EC9A40 /* Project object */;
			proxyType = 1;
			remoteGlobalIDString = ADAA8C392104839000EC9A40;
			remoteInfo = swiftlecture04;
		};
/* End PBXContainerItemProxy section */

/* Begin PBXFileReference section */
		ADAA8C3A2104839000EC9A40 /* swiftlecture04.app */ = {isa = PBXFileReference; explicitFileType = wrapper.application; includeInIndex = 0; path = swiftlecture04.app; sourceTree = BUILT_PRODUCTS_DIR; };
		ADAA8C3D2104839000EC9A40 /* AppDelegate.swift */ = {isa = PBXFileReference; lastKnownFileType = sourcecode.swift; path = AppDelegate.swift; sourceTree = "<group>"; };
		ADAA8C3F2104839000EC9A40 /* ViewController.swift */ = {isa = PBXFileReference; lastKnownFileType = sourcecode.swift; path = ViewController.swift; sourceTree = "<group>"; };
		ADAA8C422104839000EC9A40 /* Base */ = {isa = PBXFileReference; lastKnownFileType = file.storyboard; name = Base; path = Base.lproj/Main.storyboard; sourceTree = "<group>"; };
		ADAA8C442104839100EC9A40 /* Assets.xcassets */ = {isa = PBXFileReference; lastKnownFileType = folder.assetcatalog; path = Assets.xcassets; sourceTree = "<group>"; };
		ADAA8C472104839100EC9A40 /* Base */ = {isa = PBXFileReference; lastKnownFileType = file.storyboard; name = Base; path = Base.lproj/LaunchScreen.storyboard; sourceTree = "<group>"; };
		ADAA8C492104839100EC9A40 /* Info.plist */ = {isa = PBXFileReference; lastKnownFileType = text.plist.xml; path = Info.plist; sourceTree = "<group>"; };
		ADAA8C4E2104839100EC9A40 /* swiftlecture04Tests.xctest */ = {isa = PBXFileReference; explicitFileType = wrapper.cfbundle; includeInIndex = 0; path = swiftlecture04Tests.xctest; sourceTree = BUILT_PRODUCTS_DIR; };
		ADAA8C522104839100EC9A40 /* swiftlecture04Tests.swift */ = {isa = PBXFileReference; lastKnownFileType = sourcecode.swift; path = swiftlecture04Tests.swift; sourceTree = "<group>"; };
		ADAA8C542104839100EC9A40 /* Info.plist */ = {isa = PBXFileReference; lastKnownFileType = text.plist.xml; path = Info.plist; sourceTree = "<group>"; };
		ADAA8C592104839100EC9A40 /* swiftlecture04UITests.xctest */ = {isa = PBXFileReference; explicitFileType = wrapper.cfbundle; includeInIndex = 0; path = swiftlecture04UITests.xctest; sourceTree = BUILT_PRODUCTS_DIR; };
		ADAA8C5D2104839100EC9A40 /* swiftlecture04UITests.swift */ = {isa = PBXFileReference; lastKnownFileType = sourcecode.swift; path = swiftlecture04UITests.swift; sourceTree = "<group>"; };
		ADAA8C5F2104839100EC9A40 /* Info.plist */ = {isa = PBXFileReference; lastKnownFileType = text.plist.xml; path = Info.plist; sourceTree = "<group>"; };
/* End PBXFileReference section */

/* Begin PBXFrameworksBuildPhase section */
		ADAA8C372104839000EC9A40 /* Frameworks */ = {
			isa = PBXFrameworksBuildPhase;
			buildActionMask = 2147483647;
			files = (
			);
			runOnlyForDeploymentPostprocessing = 0;
		};
		ADAA8C4B2104839100EC9A40 /* Frameworks */ = {
			isa = PBXFrameworksBuildPhase;
			buildActionMask = 2147483647;
			files = (
			);
			runOnlyForDeploymentPostprocessing = 0;
		};
		ADAA8C562104839100EC9A40 /* Frameworks */ = {
			isa = PBXFrameworksBuildPhase;
			buildActionMask = 2147483647;
			files = (
			);
			runOnlyForDeploymentPostprocessing = 0;
		};
/* End PBXFrameworksBuildPhase section */

/* Begin PBXGroup section */
		ADAA8C312104839000EC9A40 = {
			isa = PBXGroup;
			children = (
				ADAA8C3C2104839000EC9A40 /* swiftlecture04 */,
				ADAA8C512104839100EC9A40 /* swiftlecture04Tests */,
				ADAA8C5C2104839100EC9A40 /* swiftlecture04UITests */,
				ADAA8C3B2104839000EC9A40 /* Products */,
			);
			sourceTree = "<group>";
		};
		ADAA8C3B2104839000EC9A40 /* Products */ = {
			isa = PBXGroup;
			children = (
				ADAA8C3A2104839000EC9A40 /* swiftlecture04.app */,
				ADAA8C4E2104839100EC9A40 /* swiftlecture04Tests.xctest */,
				ADAA8C592104839100EC9A40 /* swiftlecture04UITests.xctest */,
			);
			name = Products;
			sourceTree = "<group>";
		};
		ADAA8C3C2104839000EC9A40 /* swiftlecture04 */ = {
			isa = PBXGroup;
			children = (
				ADAA8C3D2104839000EC9A40 /* AppDelegate.swift */,
				ADAA8C3F2104839000EC9A40 /* ViewController.swift */,
				ADAA8C412104839000EC9A40 /* Main.storyboard */,
				ADAA8C442104839100EC9A40 /* Assets.xcassets */,
				ADAA8C462104839100EC9A40 /* LaunchScreen.storyboard */,
				ADAA8C492104839100EC9A40 /* Info.plist */,
			);
			path = swiftlecture04;
			sourceTree = "<group>";
		};
		ADAA8C512104839100EC9A40 /* swiftlecture04Tests */ = {
			isa = PBXGroup;
			children = (
				ADAA8C522104839100EC9A40 /* swiftlecture04Tests.swift */,
				ADAA8C542104839100EC9A40 /* Info.plist */,
			);
			path = swiftlecture04Tests;
			sourceTree = "<group>";
		};
		ADAA8C5C2104839100EC9A40 /* swiftlecture04UITests */ = {
			isa = PBXGroup;
			children = (
				ADAA8C5D2104839100EC9A40 /* swiftlecture04UITests.swift */,
				ADAA8C5F2104839100EC9A40 /* Info.plist */,
			);
			path = swiftlecture04UITests;
			sourceTree = "<group>";
		};
/* End PBXGroup section */

/* Begin PBXNativeTarget section */
		ADAA8C392104839000EC9A40 /* swiftlecture04 */ = {
			isa = PBXNativeTarget;
			buildConfigurationList = ADAA8C622104839100EC9A40 /* Build configuration list for PBXNativeTarget "swiftlecture04" */;
			buildPhases = (
				ADAA8C362104839000EC9A40 /* Sources */,
				ADAA8C372104839000EC9A40 /* Frameworks */,
				ADAA8C382104839000EC9A40 /* Resources */,
			);
			buildRules = (
			);
			dependencies = (
			);
			name = swiftlecture04;
			productName = swiftlecture04;
			productReference = ADAA8C3A2104839000EC9A40 /* swiftlecture04.app */;
			productType = "com.apple.product-type.application";
		};
		ADAA8C4D2104839100EC9A40 /* swiftlecture04Tests */ = {
			isa = PBXNativeTarget;
			buildConfigurationList = ADAA8C652104839100EC9A40 /* Build configuration list for PBXNativeTarget "swiftlecture04Tests" */;
			buildPhases = (
				ADAA8C4A2104839100EC9A40 /* Sources */,
				ADAA8C4B2104839100EC9A40 /* Frameworks */,
				ADAA8C4C2104839100EC9A40 /* Resources */,
			);
			buildRules = (
			);
			dependencies = (
				ADAA8C502104839100EC9A40 /* PBXTargetDependency */,
			);
			name = swiftlecture04Tests;
			productName = swiftlecture04Tests;
			productReference = ADAA8C4E2104839100EC9A40 /* swiftlecture04Tests.xctest */;
			productType = "com.apple.product-type.bundle.unit-test";
		};
		ADAA8C582104839100EC9A40 /* swiftlecture04UITests */ = {
			isa = PBXNativeTarget;
			buildConfigurationList = ADAA8C682104839100EC9A40 /* Build configuration list for PBXNativeTarget "swiftlecture04UITests" */;
			buildPhases = (
				ADAA8C552104839100EC9A40 /* Sources */,
				ADAA8C562104839100EC9A40 /* Frameworks */,
				ADAA8C572104839100EC9A40 /* Resources */,
			);
			buildRules = (
			);
			dependencies = (
				ADAA8C5B2104839100EC9A40 /* PBXTargetDependency */,
			);
			name = swiftlecture04UITests;
			productName = swiftlecture04UITests;
			productReference = ADAA8C592104839100EC9A40 /* swiftlecture04UITests.xctest */;
			productType = "com.apple.product-type.bundle.ui-testing";
		};
/* End PBXNativeTarget section */

/* Begin PBXProject section */
		ADAA8C322104839000EC9A40 /* Project object */ = {
			isa = PBXProject;
			attributes = {
				LastSwiftUpdateCheck = 1000;
				LastUpgradeCheck = 1000;
				ORGANIZATIONNAME = stu1;
				TargetAttributes = {
					ADAA8C392104839000EC9A40 = {
						CreatedOnToolsVersion = 10.0;
					};
					ADAA8C4D2104839100EC9A40 = {
						CreatedOnToolsVersion = 10.0;
						TestTargetID = ADAA8C392104839000EC9A40;
					};
					ADAA8C582104839100EC9A40 = {
						CreatedOnToolsVersion = 10.0;
						TestTargetID = ADAA8C392104839000EC9A40;
					};
				};
			};
			buildConfigurationList = ADAA8C352104839000EC9A40 /* Build configuration list for PBXProject "swiftlecture04" */;
			compatibilityVersion = "Xcode 9.3";
			developmentRegion = en;
			hasScannedForEncodings = 0;
			knownRegions = (
				en,
				Base,
			);
			mainGroup = ADAA8C312104839000EC9A40;
			productRefGroup = ADAA8C3B2104839000EC9A40 /* Products */;
			projectDirPath = "";
			projectRoot = "";
			targets = (
				ADAA8C392104839000EC9A40 /* swiftlecture04 */,
				ADAA8C4D2104839100EC9A40 /* swiftlecture04Tests */,
				ADAA8C582104839100EC9A40 /* swiftlecture04UITests */,
			);
		};
/* End PBXProject section */

/* Begin PBXResourcesBuildPhase section */
		ADAA8C382104839000EC9A40 /* Resources */ = {
			isa = PBXResourcesBuildPhase;
			buildActionMask = 2147483647;
			files = (
				ADAA8C482104839100EC9A40 /* LaunchScreen.storyboard in Resources */,
				ADAA8C452104839100EC9A40 /* Assets.xcassets in Resources */,
				ADAA8C432104839000EC9A40 /* Main.storyboard in Resources */,
			);
			runOnlyForDeploymentPostprocessing = 0;
		};
		ADAA8C4C2104839100EC9A40 /* Resources */ = {
			isa = PBXResourcesBuildPhase;
			buildActionMask = 2147483647;
			files = (
			);
			runOnlyForDeploymentPostprocessing = 0;
		};
		ADAA8C572104839100EC9A40 /* Resources */ = {
			isa = PBXResourcesBuildPhase;
			buildActionMask = 2147483647;
			files = (
			);
			runOnlyForDeploymentPostprocessing = 0;
		};
/* End PBXResourcesBuildPhase section */

/* Begin PBXSourcesBuildPhase section */
		ADAA8C362104839000EC9A40 /* Sources */ = {
			isa = PBXSourcesBuildPhase;
			buildActionMask = 2147483647;
			files = (
				ADAA8C402104839000EC9A40 /* ViewController.swift in Sources */,
				ADAA8C3E2104839000EC9A40 /* AppDelegate.swift in Sources */,
			);
			runOnlyForDeploymentPostprocessing = 0;
		};
		ADAA8C4A2104839100EC9A40 /* Sources */ = {
			isa = PBXSourcesBuildPhase;
			buildActionMask = 2147483647;
			files = (
				ADAA8C532104839100EC9A40 /* swiftlecture04Tests.swift in Sources */,
			);
			runOnlyForDeploymentPostprocessing = 0;
		};
		ADAA8C552104839100EC9A40 /* Sources */ = {
			isa = PBXSourcesBuildPhase;
			buildActionMask = 2147483647;
			files = (
				ADAA8C5E2104839100EC9A40 /* swiftlecture04UITests.swift in Sources */,
			);
			runOnlyForDeploymentPostprocessing = 0;
		};
/* End PBXSourcesBuildPhase section */

/* Begin PBXTargetDependency section */
		ADAA8C502104839100EC9A40 /* PBXTargetDependency */ = {
			isa = PBXTargetDependency;
			target = ADAA8C392104839000EC9A40 /* swiftlecture04 */;
			targetProxy = ADAA8C4F2104839100EC9A40 /* PBXContainerItemProxy */;
		};
		ADAA8C5B2104839100EC9A40 /* PBXTargetDependency */ = {
			isa = PBXTargetDependency;
			target = ADAA8C392104839000EC9A40 /* swiftlecture04 */;
			targetProxy = ADAA8C5A2104839100EC9A40 /* PBXContainerItemProxy */;
		};
/* End PBXTargetDependency section */

/* Begin PBXVariantGroup section */
		ADAA8C412104839000EC9A40 /* Main.storyboard */ = {
			isa = PBXVariantGroup;
			children = (
				ADAA8C422104839000EC9A40 /* Base */,
			);
			name = Main.storyboard;
			sourceTree = "<group>";
		};
		ADAA8C462104839100EC9A40 /* LaunchScreen.storyboard */ = {
			isa = PBXVariantGroup;
			children = (
				ADAA8C472104839100EC9A40 /* Base */,
			);
			name = LaunchScreen.storyboard;
			sourceTree = "<group>";
		};
/* End PBXVariantGroup section */

/* Begin XCBuildConfiguration section */
		ADAA8C602104839100EC9A40 /* Debug */ = {
			isa = XCBuildConfiguration;
			buildSettings = {
				ALWAYS_SEARCH_USER_PATHS = NO;
				CLANG_ANALYZER_NONNULL = YES;
				CLANG_ANALYZER_NUMBER_OBJECT_CONVERSION = YES_AGGRESSIVE;
				CLANG_CXX_LANGUAGE_STANDARD = "gnu++14";
				CLANG_CXX_LIBRARY = "libc++";
				CLANG_ENABLE_MODULES = YES;
				CLANG_ENABLE_OBJC_ARC = YES;
				CLANG_ENABLE_OBJC_WEAK = YES;
				CLANG_WARN_BLOCK_CAPTURE_AUTORELEASING = YES;
				CLANG_WARN_BOOL_CONVERSION = YES;
				CLANG_WARN_COMMA = YES;
				CLANG_WARN_CONSTANT_CONVERSION = YES;
				CLANG_WARN_DEPRECATED_OBJC_IMPLEMENTATIONS = YES;
				CLANG_WARN_DIRECT_OBJC_ISA_USAGE = YES_ERROR;
				CLANG_WARN_DOCUMENTATION_COMMENTS = YES;
				CLANG_WARN_EMPTY_BODY = YES;
				CLANG_WARN_ENUM_CONVERSION = YES;
				CLANG_WARN_INFINITE_RECURSION = YES;
				CLANG_WARN_INT_CONVERSION = YES;
				CLANG_WARN_NON_LITERAL_NULL_CONVERSION = YES;
				CLANG_WARN_OBJC_IMPLICIT_RETAIN_SELF = YES;
				CLANG_WARN_OBJC_LITERAL_CONVERSION = YES;
				CLANG_WARN_OBJC_ROOT_CLASS = YES_ERROR;
				CLANG_WARN_RANGE_LOOP_ANALYSIS = YES;
				CLANG_WARN_STRICT_PROTOTYPES = YES;
				CLANG_WARN_SUSPICIOUS_MOVE = YES;
				CLANG_WARN_UNGUARDED_AVAILABILITY = YES_AGGRESSIVE;
				CLANG_WARN_UNREACHABLE_CODE = YES;
				CLANG_WARN__DUPLICATE_METHOD_MATCH = YES;
				CODE_SIGN_IDENTITY = "iPhone Developer";
				COPY_PHASE_STRIP = NO;
				DEBUG_INFORMATION_FORMAT = dwarf;
				ENABLE_STRICT_OBJC_MSGSEND = YES;
				ENABLE_TESTABILITY = YES;
				GCC_C_LANGUAGE_STANDARD = gnu11;
				GCC_DYNAMIC_NO_PIC = NO;
				GCC_NO_COMMON_BLOCKS = YES;
				GCC_OPTIMIZATION_LEVEL = 0;
				GCC_PREPROCESSOR_DEFINITIONS = (
					"DEBUG=1",
					"$(inherited)",
				);
				GCC_WARN_64_TO_32_BIT_CONVERSION = YES;
				GCC_WARN_ABOUT_RETURN_TYPE = YES_ERROR;
				GCC_WARN_UNDECLARED_SELECTOR = YES;
				GCC_WARN_UNINITIALIZED_AUTOS = YES_AGGRESSIVE;
				GCC_WARN_UNUSED_FUNCTION = YES;
				GCC_WARN_UNUSED_VARIABLE = YES;
				IPHONEOS_DEPLOYMENT_TARGET = 12.0;
				MTL_ENABLE_DEBUG_INFO = INCLUDE_SOURCE;
				MTL_FAST_MATH = YES;
				ONLY_ACTIVE_ARCH = YES;
				SDKROOT = iphoneos;
				SWIFT_ACTIVE_COMPILATION_CONDITIONS = DEBUG;
				SWIFT_OPTIMIZATION_LEVEL = "-Onone";
			};
			name = Debug;
		};
		ADAA8C612104839100EC9A40 /* Release */ = {
			isa = XCBuildConfiguration;
			buildSettings = {
				ALWAYS_SEARCH_USER_PATHS = NO;
				CLANG_ANALYZER_NONNULL = YES;
				CLANG_ANALYZER_NUMBER_OBJECT_CONVERSION = YES_AGGRESSIVE;
				CLANG_CXX_LANGUAGE_STANDARD = "gnu++14";
				CLANG_CXX_LIBRARY = "libc++";
				CLANG_ENABLE_MODULES = YES;
				CLANG_ENABLE_OBJC_ARC = YES;
				CLANG_ENABLE_OBJC_WEAK = YES;
				CLANG_WARN_BLOCK_CAPTURE_AUTORELEASING = YES;
				CLANG_WARN_BOOL_CONVERSION = YES;
				CLANG_WARN_COMMA = YES;
				CLANG_WARN_CONSTANT_CONVERSION = YES;
				CLANG_WARN_DEPRECATED_OBJC_IMPLEMENTATIONS = YES;
				CLANG_WARN_DIRECT_OBJC_ISA_USAGE = YES_ERROR;
				CLANG_WARN_DOCUMENTATION_COMMENTS = YES;
				CLANG_WARN_EMPTY_BODY = YES;
				CLANG_WARN_ENUM_CONVERSION = YES;
				CLANG_WARN_INFINITE_RECURSION = YES;
				CLANG_WARN_INT_CONVERSION = YES;
				CLANG_WARN_NON_LITERAL_NULL_CONVERSION = YES;
				CLANG_WARN_OBJC_IMPLICIT_RETAIN_SELF = YES;
				CLANG_WARN_OBJC_LITERAL_CONVERSION = YES;
				CLANG_WARN_OBJC_ROOT_CLASS = YES_ERROR;
				CLANG_WARN_RANGE_LOOP_ANALYSIS = YES;
				CLANG_WARN_STRICT_PROTOTYPES = YES;
				CLANG_WARN_SUSPICIOUS_MOVE = YES;
				CLANG_WARN_UNGUARDED_AVAILABILITY = YES_AGGRESSIVE;
				CLANG_WARN_UNREACHABLE_CODE = YES;
				CLANG_WARN__DUPLICATE_METHOD_MATCH = YES;
				CODE_SIGN_IDENTITY = "iPhone Developer";
				COPY_PHASE_STRIP = NO;
				DEBUG_INFORMATION_FORMAT = "dwarf-with-dsym";
				ENABLE_NS_ASSERTIONS = NO;
				ENABLE_STRICT_OBJC_MSGSEND = YES;
				GCC_C_LANGUAGE_STANDARD = gnu11;
				GCC_NO_COMMON_BLOCKS = YES;
				GCC_WARN_64_TO_32_BIT_CONVERSION = YES;
				GCC_WARN_ABOUT_RETURN_TYPE = YES_ERROR;
				GCC_WARN_UNDECLARED_SELECTOR = YES;
				GCC_WARN_UNINITIALIZED_AUTOS = YES_AGGRESSIVE;
				GCC_WARN_UNUSED_FUNCTION = YES;
				GCC_WARN_UNUSED_VARIABLE = YES;
				IPHONEOS_DEPLOYMENT_TARGET = 12.0;
				MTL_ENABLE_DEBUG_INFO = NO;
				MTL_FAST_MATH = YES;
				SDKROOT = iphoneos;
				SWIFT_COMPILATION_MODE = wholemodule;
				SWIFT_OPTIMIZATION_LEVEL = "-O";
				VALIDATE_PRODUCT = YES;
			};
			name = Release;
		};
		ADAA8C632104839100EC9A40 /* Debug */ = {
			isa = XCBuildConfiguration;
			buildSettings = {
				ASSETCATALOG_COMPILER_APPICON_NAME = AppIcon;
				CODE_SIGN_STYLE = Automatic;
				INFOPLIST_FILE = swiftlecture04/Info.plist;
				LD_RUNPATH_SEARCH_PATHS = (
					"$(inherited)",
					"@executable_path/Frameworks",
				);
				PRODUCT_BUNDLE_IDENTIFIER = aa.swiftlecture04;
				PRODUCT_NAME = "$(TARGET_NAME)";
				SWIFT_VERSION = 4.2;
				TARGETED_DEVICE_FAMILY = "1,2";
			};
			name = Debug;
		};
		ADAA8C642104839100EC9A40 /* Release */ = {
			isa = XCBuildConfiguration;
			buildSettings = {
				ASSETCATALOG_COMPILER_APPICON_NAME = AppIcon;
				CODE_SIGN_STYLE = Automatic;
				INFOPLIST_FILE = swiftlecture04/Info.plist;
				LD_RUNPATH_SEARCH_PATHS = (
					"$(inherited)",
					"@executable_path/Frameworks",
				);
				PRODUCT_BUNDLE_IDENTIFIER = aa.swiftlecture04;
				PRODUCT_NAME = "$(TARGET_NAME)";
				SWIFT_VERSION = 4.2;
				TARGETED_DEVICE_FAMILY = "1,2";
			};
			name = Release;
		};
		ADAA8C662104839100EC9A40 /* Debug */ = {
			isa = XCBuildConfiguration;
			buildSettings = {
				ALWAYS_EMBED_SWIFT_STANDARD_LIBRARIES = YES;
				BUNDLE_LOADER = "$(TEST_HOST)";
				CODE_SIGN_STYLE = Automatic;
				INFOPLIST_FILE = swiftlecture04Tests/Info.plist;
				LD_RUNPATH_SEARCH_PATHS = (
					"$(inherited)",
					"@executable_path/Frameworks",
					"@loader_path/Frameworks",
				);
				PRODUCT_BUNDLE_IDENTIFIER = aa.swiftlecture04Tests;
				PRODUCT_NAME = "$(TARGET_NAME)";
				SWIFT_VERSION = 4.2;
				TARGETED_DEVICE_FAMILY = "1,2";
				TEST_HOST = "$(BUILT_PRODUCTS_DIR)/swiftlecture04.app/swiftlecture04";
			};
			name = Debug;
		};
		ADAA8C672104839100EC9A40 /* Release */ = {
			isa = XCBuildConfiguration;
			buildSettings = {
				ALWAYS_EMBED_SWIFT_STANDARD_LIBRARIES = YES;
				BUNDLE_LOADER = "$(TEST_HOST)";
				CODE_SIGN_STYLE = Automatic;
				INFOPLIST_FILE = swiftlecture04Tests/Info.plist;
				LD_RUNPATH_SEARCH_PATHS = (
					"$(inherited)",
					"@executable_path/Frameworks",
					"@loader_path/Frameworks",
				);
				PRODUCT_BUNDLE_IDENTIFIER = aa.swiftlecture04Tests;
				PRODUCT_NAME = "$(TARGET_NAME)";
				SWIFT_VERSION = 4.2;
				TARGETED_DEVICE_FAMILY = "1,2";
				TEST_HOST = "$(BUILT_PRODUCTS_DIR)/swiftlecture04.app/swiftlecture04";
			};
			name = Release;
		};
		ADAA8C692104839100EC9A40 /* Debug */ = {
			isa = XCBuildConfiguration;
			buildSettings = {
				ALWAYS_EMBED_SWIFT_STANDARD_LIBRARIES = YES;
				CODE_SIGN_STYLE = Automatic;
				INFOPLIST_FILE = swiftlecture04UITests/Info.plist;
				LD_RUNPATH_SEARCH_PATHS = (
					"$(inherited)",
					"@executable_path/Frameworks",
					"@loader_path/Frameworks",
				);
				PRODUCT_BUNDLE_IDENTIFIER = aa.swiftlecture04UITests;
				PRODUCT_NAME = "$(TARGET_NAME)";
				SWIFT_VERSION = 4.2;
				TARGETED_DEVICE_FAMILY = "1,2";
				TEST_TARGET_NAME = swiftlecture04;
			};
			name = Debug;
		};
		ADAA8C6A2104839100EC9A40 /* Release */ = {
			isa = XCBuildConfiguration;
			buildSettings = {
				ALWAYS_EMBED_SWIFT_STANDARD_LIBRARIES = YES;
				CODE_SIGN_STYLE = Automatic;
				INFOPLIST_FILE = swiftlecture04UITests/Info.plist;
				LD_RUNPATH_SEARCH_PATHS = (
					"$(inherited)",
					"@executable_path/Frameworks",
					"@loader_path/Frameworks",
				);
				PRODUCT_BUNDLE_IDENTIFIER = aa.swiftlecture04UITests;
				PRODUCT_NAME = "$(TARGET_NAME)";
				SWIFT_VERSION = 4.2;
				TARGETED_DEVICE_FAMILY = "1,2";
				TEST_TARGET_NAME = swiftlecture04;
			};
			name = Release;
		};
/* End XCBuildConfiguration section */

/* Begin XCConfigurationList section */
		ADAA8C352104839000EC9A40 /* Build configuration list for PBXProject "swiftlecture04" */ = {
			isa = XCConfigurationList;
			buildConfigurations = (
				ADAA8C602104839100EC9A40 /* Debug */,
				ADAA8C612104839100EC9A40 /* Release */,
			);
			defaultConfigurationIsVisible = 0;
			defaultConfigurationName = Release;
		};
		ADAA8C622104839100EC9A40 /* Build configuration list for PBXNativeTarget "swiftlecture04" */ = {
			isa = XCConfigurationList;
			buildConfigurations = (
				ADAA8C632104839100EC9A40 /* Debug */,
				ADAA8C642104839100EC9A40 /* Release */,
			);
			defaultConfigurationIsVisible = 0;
			defaultConfigurationName = Release;
		};
		ADAA8C652104839100EC9A40 /* Build configuration list for PBXNativeTarget "swiftlecture04Tests" */ = {
			isa = XCConfigurationList;
			buildConfigurations = (
				ADAA8C662104839100EC9A40 /* Debug */,
				ADAA8C672104839100EC9A40 /* Release */,
			);
			defaultConfigurationIsVisible = 0;
			defaultConfigurationName = Release;
		};
		ADAA8C682104839100EC9A40 /* Build configuration list for PBXNativeTarget "swiftlecture04UITests" */ = {
			isa = XCConfigurationList;
			buildConfigurations = (
				ADAA8C692104839100EC9A40 /* Debug */,
				ADAA8C6A2104839100EC9A40 /* Release */,
			);
			defaultConfigurationIsVisible = 0;
			defaultConfigurationName = Release;
		};
/* End XCConfigurationList section */
	};
	rootObject = ADAA8C322104839000EC9A40 /* Project object */;
}
